
Microsoft Visual Studio Solution File, Format Version 12.00
# Visual Studio Version 17
VisualStudioVersion = 17.14.36623.8 d17.14
MinimumVisualStudioVersion = 10.0.40219.1
Project("{FAE04EC0-301F-11D3-BF4B-00C04F79EFBC}") = "WebApp", "WebApp\WebApp.csproj", "{5801C4D0-BA47-4EDD-AB4A-D854E93871C1}"
EndProject
Project("{FAE04EC0-301F-11D3-BF4B-00C04F79EFBC}") = "WebMinimalApi", "WebMinimalApi\WebMinimalApi.csproj", "{7138260B-983A-47A1-BB37-F6AF6667928B}"
EndProject
Project("{FAE04EC0-301F-11D3-BF4B-00C04F79EFBC}") = "WebApi", "WebApi\WebApi.csproj", "{AA2135F7-C701-496F-A1DD-20250D52798B}"
EndProject
Project("{FAE04EC0-301F-11D3-BF4B-00C04F79EFBC}") = "Models", "Models\Models.csproj", "{8E7A76AA-5155-48A5-B127-8BD2ED8AD64F}"
EndProject
Global
	GlobalSection(SolutionConfigurationPlatforms) = preSolution
		Debug|Any CPU = Debug|Any CPU
		Release|Any CPU = Release|Any CPU
	EndGlobalSection
	GlobalSection(ProjectConfigurationPlatforms) = postSolution
		{5801C4D0-BA47-4EDD-AB4A-D854E93871C1}.Debug|Any CPU.ActiveCfg = Debug|Any CPU
		{5801C4D0-BA47-4EDD-AB4A-D854E93871C1}.Debug|Any CPU.Build.0 = Debug|Any CPU
		{5801C4D0-BA47-4EDD-AB4A-D854E93871C1}.Release|Any CPU.ActiveCfg = Release|Any CPU
		{5801C4D0-BA47-4EDD-AB4A-D854E93871C1}.Release|Any CPU.Build.0 = Release|Any CPU
		{7138260B-983A-47A1-BB37-F6AF6667928B}.Debug|Any CPU.ActiveCfg = Debug|Any CPU
		{7138260B-983A-47A1-BB37-F6AF6667928B}.Debug|Any CPU.Build.0 = Debug|Any CPU
		{7138260B-983A-47A1-BB37-F6AF6667928B}.Release|Any CPU.ActiveCfg = Release|Any CPU
		{7138260B-983A-47A1-BB37-F6AF6667928B}.Release|Any CPU.Build.0 = Release|Any CPU
		{AA2135F7-C701-496F-A1DD-20250D52798B}.Debug|Any CPU.ActiveCfg = Debug|Any CPU
		{AA2135F7-C701-496F-A1DD-20250D52798B}.Debug|Any CPU.Build.0 = Debug|Any CPU
		{AA2135F7-C701-496F-A1DD-20250D52798B}.Release|Any CPU.ActiveCfg = Release|Any CPU
		{AA2135F7-C701-496F-A1DD-20250D52798B}.Release|Any CPU.Build.0 = Release|Any CPU
		{8E7A76AA-5155-48A5-B127-8BD2ED8AD64F}.Debug|Any CPU.ActiveCfg = Debug|Any CPU
		{8E7A76AA-5155-48A5-B127-8BD2ED8AD64F}.Debug|Any CPU.Build.0 = Debug|Any CPU
		{8E7A76AA-5155-48A5-B127-8BD2ED8AD64F}.Release|Any CPU.ActiveCfg = Release|Any CPU
		{8E7A76AA-5155-48A5-B127-8BD2ED8AD64F}.Release|Any CPU.Build.0 = Release|Any CPU
	EndGlobalSection
	GlobalSection(SolutionProperties) = preSolution
		HideSolutionNode = FALSE
	EndGlobalSection
	GlobalSection(ExtensibilityGlobals) = postSolution
		SolutionGuid = {AF490D44-0704-4DBB-AE28-C3652BC1BF52}
	EndGlobalSection
EndGlobal
