
Microsoft Visual Studio Solution File, Format Version 12.00
# Visual Studio Version 17
VisualStudioVersion = 17.14.36623.8
MinimumVisualStudioVersion = 10.0.40219.1
Project("{FAE04EC0-301F-11D3-BF4B-00C04F79EFBC}") = "WebApp", "WebApp\WebApp.csproj", "{5801C4D0-BA47-4EDD-AB4A-D854E93871C1}"
EndProject
Project("{FAE04EC0-301F-11D3-BF4B-00C04F79EFBC}") = "WebMinimalApi", "WebMinimalApi\WebMinimalApi.csproj", "{7138260B-983A-47A1-BB37-F6AF6667928B}"
EndProject
Project("{FAE04EC0-301F-11D3-BF4B-00C04F79EFBC}") = "WebApi", "WebApi\WebApi.csproj", "{AA2135F7-C701-496F-A1DD-20250D52798B}"
EndProject
Project("{FAE04EC0-301F-11D3-BF4B-00C04F79EFBC}") = "Models", "Models\Models.csproj", "{8E7A76AA-5155-48A5-B127-8BD2ED8AD64F}"
EndProject
Project("{FAE04EC0-301F-11D3-BF4B-00C04F79EFBC}") = "Services.Interfaces", "Services.Interfaces\Services.Interfaces.csproj", "{A2285578-BDE7-4A3F-B6B9-9F259A020292}"
EndProject
Project("{FAE04EC0-301F-11D3-BF4B-00C04F79EFBC}") = "Services.InMemory", "Services.InMemory\Services.InMemory.csproj", "{D00F24B8-A138-40B7-BB02-7541C468C07E}"
EndProject
Project("{FAE04EC0-301F-11D3-BF4B-00C04F79EFBC}") = "ConsoleApp", "ConsoleApp\ConsoleApp.csproj", "{65C53BE9-7E35-4859-901B-FD981E5CF355}"
EndProject
Project("{FAE04EC0-301F-11D3-BF4B-00C04F79EFBC}") = "ConsoleAppOpenAPI", "ConsoleAppOpenAPI\ConsoleAppOpenAPI.csproj", "{A42A9AE5-A7B0-4BA9-93D7-ED430E49CC19}"
EndProject
Project("{FAE04EC0-301F-11D3-BF4B-00C04F79EFBC}") = "OWIN", "OWIN\OWIN.csproj", "{74A62426-E01C-4B22-898C-F8CE345BA52C}"
EndProject
Project("{FAE04EC0-301F-11D3-BF4B-00C04F79EFBC}") = "WebSockets", "WebSockets\WebSockets.csproj", "{D9C28A8F-A56D-4655-AFF7-F73B4E08175E}"
EndProject
Project("{FAE04EC0-301F-11D3-BF4B-00C04F79EFBC}") = "SignalR", "SignalR\SignalR.csproj", "{BB98C789-A36E-4AC9-84BD-052C87D8FD4C}"
EndProject
Project("{FAE04EC0-301F-11D3-BF4B-00C04F79EFBC}") = "SignalRClient", "SignalRClient\SignalRClient.csproj", "{FD4B9690-AB32-4DD3-B614-897F89D3BDFB}"
EndProject
Project("{FAE04EC0-301F-11D3-BF4B-00C04F79EFBC}") = "GrpcService", "GrpcService\GrpcService.csproj", "{52C375C2-807C-4F5C-89DB-0E94F0D7ED38}"
EndProject
Project("{FAE04EC0-301F-11D3-BF4B-00C04F79EFBC}") = "GrpcClient", "GrpcClient\GrpcClient.csproj", "{19672ADA-6341-4CCC-B11A-32C268179B0E}"
EndProject
Project("{FAE04EC0-301F-11D3-BF4B-00C04F79EFBC}") = "HealthChecks", "HealthChecks\HealthChecks.csproj", "{458A92E2-B805-4579-AB2D-5A0D2E143586}"
EndProject
Project("{2150E333-8FDC-42A3-9474-1A3956D46DE8}") = "WindowsServices", "WindowsServices", "{02EA681E-C7D8-13C7-8484-4AC65E1B71E8}"
EndProject
Project("{FAE04EC0-301F-11D3-BF4B-00C04F79EFBC}") = "Microsoft", "Microsoft\Microsoft.csproj", "{150906B3-9CEA-47AA-B583-E06DE9AC00C4}"
EndProject
Project("{FAE04EC0-301F-11D3-BF4B-00C04F79EFBC}") = "DotNet", "DotNet\DotNet.csproj", "{2EEADB31-6498-469C-AF82-692164BAAFD6}"
EndProject
Project("{FAE04EC0-301F-11D3-BF4B-00C04F79EFBC}") = "TopShelfService", "TopShelfService\TopShelfService.csproj", "{D88FC032-AB86-4174-8460-1BD033D1B4ED}"
EndProject
Global
	GlobalSection(SolutionConfigurationPlatforms) = preSolution
		Debug|Any CPU = Debug|Any CPU
		Release|Any CPU = Release|Any CPU
	EndGlobalSection
	GlobalSection(ProjectConfigurationPlatforms) = postSolution
		{5801C4D0-BA47-4EDD-AB4A-D854E93871C1}.Debug|Any CPU.ActiveCfg = Debug|Any CPU
		{5801C4D0-BA47-4EDD-AB4A-D854E93871C1}.Debug|Any CPU.Build.0 = Debug|Any CPU
		{5801C4D0-BA47-4EDD-AB4A-D854E93871C1}.Release|Any CPU.ActiveCfg = Release|Any CPU
		{5801C4D0-BA47-4EDD-AB4A-D854E93871C1}.Release|Any CPU.Build.0 = Release|Any CPU
		{7138260B-983A-47A1-BB37-F6AF6667928B}.Debug|Any CPU.ActiveCfg = Debug|Any CPU
		{7138260B-983A-47A1-BB37-F6AF6667928B}.Debug|Any CPU.Build.0 = Debug|Any CPU
		{7138260B-983A-47A1-BB37-F6AF6667928B}.Release|Any CPU.ActiveCfg = Release|Any CPU
		{7138260B-983A-47A1-BB37-F6AF6667928B}.Release|Any CPU.Build.0 = Release|Any CPU
		{AA2135F7-C701-496F-A1DD-20250D52798B}.Debug|Any CPU.ActiveCfg = Debug|Any CPU
		{AA2135F7-C701-496F-A1DD-20250D52798B}.Debug|Any CPU.Build.0 = Debug|Any CPU
		{AA2135F7-C701-496F-A1DD-20250D52798B}.Release|Any CPU.ActiveCfg = Release|Any CPU
		{AA2135F7-C701-496F-A1DD-20250D52798B}.Release|Any CPU.Build.0 = Release|Any CPU
		{8E7A76AA-5155-48A5-B127-8BD2ED8AD64F}.Debug|Any CPU.ActiveCfg = Debug|Any CPU
		{8E7A76AA-5155-48A5-B127-8BD2ED8AD64F}.Debug|Any CPU.Build.0 = Debug|Any CPU
		{8E7A76AA-5155-48A5-B127-8BD2ED8AD64F}.Release|Any CPU.ActiveCfg = Release|Any CPU
		{8E7A76AA-5155-48A5-B127-8BD2ED8AD64F}.Release|Any CPU.Build.0 = Release|Any CPU
		{A2285578-BDE7-4A3F-B6B9-9F259A020292}.Debug|Any CPU.ActiveCfg = Debug|Any CPU
		{A2285578-BDE7-4A3F-B6B9-9F259A020292}.Debug|Any CPU.Build.0 = Debug|Any CPU
		{A2285578-BDE7-4A3F-B6B9-9F259A020292}.Release|Any CPU.ActiveCfg = Release|Any CPU
		{A2285578-BDE7-4A3F-B6B9-9F259A020292}.Release|Any CPU.Build.0 = Release|Any CPU
		{D00F24B8-A138-40B7-BB02-7541C468C07E}.Debug|Any CPU.ActiveCfg = Debug|Any CPU
		{D00F24B8-A138-40B7-BB02-7541C468C07E}.Debug|Any CPU.Build.0 = Debug|Any CPU
		{D00F24B8-A138-40B7-BB02-7541C468C07E}.Release|Any CPU.ActiveCfg = Release|Any CPU
		{D00F24B8-A138-40B7-BB02-7541C468C07E}.Release|Any CPU.Build.0 = Release|Any CPU
		{65C53BE9-7E35-4859-901B-FD981E5CF355}.Debug|Any CPU.ActiveCfg = Debug|Any CPU
		{65C53BE9-7E35-4859-901B-FD981E5CF355}.Debug|Any CPU.Build.0 = Debug|Any CPU
		{65C53BE9-7E35-4859-901B-FD981E5CF355}.Release|Any CPU.ActiveCfg = Release|Any CPU
		{65C53BE9-7E35-4859-901B-FD981E5CF355}.Release|Any CPU.Build.0 = Release|Any CPU
		{A42A9AE5-A7B0-4BA9-93D7-ED430E49CC19}.Debug|Any CPU.ActiveCfg = Debug|Any CPU
		{A42A9AE5-A7B0-4BA9-93D7-ED430E49CC19}.Debug|Any CPU.Build.0 = Debug|Any CPU
		{A42A9AE5-A7B0-4BA9-93D7-ED430E49CC19}.Release|Any CPU.ActiveCfg = Release|Any CPU
		{A42A9AE5-A7B0-4BA9-93D7-ED430E49CC19}.Release|Any CPU.Build.0 = Release|Any CPU
		{74A62426-E01C-4B22-898C-F8CE345BA52C}.Debug|Any CPU.ActiveCfg = Debug|Any CPU
		{74A62426-E01C-4B22-898C-F8CE345BA52C}.Debug|Any CPU.Build.0 = Debug|Any CPU
		{74A62426-E01C-4B22-898C-F8CE345BA52C}.Release|Any CPU.ActiveCfg = Release|Any CPU
		{74A62426-E01C-4B22-898C-F8CE345BA52C}.Release|Any CPU.Build.0 = Release|Any CPU
		{D9C28A8F-A56D-4655-AFF7-F73B4E08175E}.Debug|Any CPU.ActiveCfg = Debug|Any CPU
		{D9C28A8F-A56D-4655-AFF7-F73B4E08175E}.Debug|Any CPU.Build.0 = Debug|Any CPU
		{D9C28A8F-A56D-4655-AFF7-F73B4E08175E}.Release|Any CPU.ActiveCfg = Release|Any CPU
		{D9C28A8F-A56D-4655-AFF7-F73B4E08175E}.Release|Any CPU.Build.0 = Release|Any CPU
		{BB98C789-A36E-4AC9-84BD-052C87D8FD4C}.Debug|Any CPU.ActiveCfg = Debug|Any CPU
		{BB98C789-A36E-4AC9-84BD-052C87D8FD4C}.Debug|Any CPU.Build.0 = Debug|Any CPU
		{BB98C789-A36E-4AC9-84BD-052C87D8FD4C}.Release|Any CPU.ActiveCfg = Release|Any CPU
		{BB98C789-A36E-4AC9-84BD-052C87D8FD4C}.Release|Any CPU.Build.0 = Release|Any CPU
		{FD4B9690-AB32-4DD3-B614-897F89D3BDFB}.Debug|Any CPU.ActiveCfg = Debug|Any CPU
		{FD4B9690-AB32-4DD3-B614-897F89D3BDFB}.Debug|Any CPU.Build.0 = Debug|Any CPU
		{FD4B9690-AB32-4DD3-B614-897F89D3BDFB}.Release|Any CPU.ActiveCfg = Release|Any CPU
		{FD4B9690-AB32-4DD3-B614-897F89D3BDFB}.Release|Any CPU.Build.0 = Release|Any CPU
		{52C375C2-807C-4F5C-89DB-0E94F0D7ED38}.Debug|Any CPU.ActiveCfg = Debug|Any CPU
		{52C375C2-807C-4F5C-89DB-0E94F0D7ED38}.Debug|Any CPU.Build.0 = Debug|Any CPU
		{52C375C2-807C-4F5C-89DB-0E94F0D7ED38}.Release|Any CPU.ActiveCfg = Release|Any CPU
		{52C375C2-807C-4F5C-89DB-0E94F0D7ED38}.Release|Any CPU.Build.0 = Release|Any CPU
		{19672ADA-6341-4CCC-B11A-32C268179B0E}.Debug|Any CPU.ActiveCfg = Debug|Any CPU
		{19672ADA-6341-4CCC-B11A-32C268179B0E}.Debug|Any CPU.Build.0 = Debug|Any CPU
		{19672ADA-6341-4CCC-B11A-32C268179B0E}.Release|Any CPU.ActiveCfg = Release|Any CPU
		{19672ADA-6341-4CCC-B11A-32C268179B0E}.Release|Any CPU.Build.0 = Release|Any CPU
		{458A92E2-B805-4579-AB2D-5A0D2E143586}.Debug|Any CPU.ActiveCfg = Debug|Any CPU
		{458A92E2-B805-4579-AB2D-5A0D2E143586}.Debug|Any CPU.Build.0 = Debug|Any CPU
		{458A92E2-B805-4579-AB2D-5A0D2E143586}.Release|Any CPU.ActiveCfg = Release|Any CPU
		{458A92E2-B805-4579-AB2D-5A0D2E143586}.Release|Any CPU.Build.0 = Release|Any CPU
		{150906B3-9CEA-47AA-B583-E06DE9AC00C4}.Debug|Any CPU.ActiveCfg = Debug|Any CPU
		{150906B3-9CEA-47AA-B583-E06DE9AC00C4}.Debug|Any CPU.Build.0 = Debug|Any CPU
		{150906B3-9CEA-47AA-B583-E06DE9AC00C4}.Release|Any CPU.ActiveCfg = Release|Any CPU
		{150906B3-9CEA-47AA-B583-E06DE9AC00C4}.Release|Any CPU.Build.0 = Release|Any CPU
		{2EEADB31-6498-469C-AF82-692164BAAFD6}.Debug|Any CPU.ActiveCfg = Debug|Any CPU
		{2EEADB31-6498-469C-AF82-692164BAAFD6}.Debug|Any CPU.Build.0 = Debug|Any CPU
		{2EEADB31-6498-469C-AF82-692164BAAFD6}.Release|Any CPU.ActiveCfg = Release|Any CPU
		{2EEADB31-6498-469C-AF82-692164BAAFD6}.Release|Any CPU.Build.0 = Release|Any CPU
		{D88FC032-AB86-4174-8460-1BD033D1B4ED}.Debug|Any CPU.ActiveCfg = Debug|Any CPU
		{D88FC032-AB86-4174-8460-1BD033D1B4ED}.Debug|Any CPU.Build.0 = Debug|Any CPU
		{D88FC032-AB86-4174-8460-1BD033D1B4ED}.Release|Any CPU.ActiveCfg = Release|Any CPU
		{D88FC032-AB86-4174-8460-1BD033D1B4ED}.Release|Any CPU.Build.0 = Release|Any CPU
	EndGlobalSection
	GlobalSection(SolutionProperties) = preSolution
		HideSolutionNode = FALSE
	EndGlobalSection
	GlobalSection(NestedProjects) = preSolution
		{150906B3-9CEA-47AA-B583-E06DE9AC00C4} = {02EA681E-C7D8-13C7-8484-4AC65E1B71E8}
		{2EEADB31-6498-469C-AF82-692164BAAFD6} = {02EA681E-C7D8-13C7-8484-4AC65E1B71E8}
		{D88FC032-AB86-4174-8460-1BD033D1B4ED} = {02EA681E-C7D8-13C7-8484-4AC65E1B71E8}
	EndGlobalSection
	GlobalSection(ExtensibilityGlobals) = postSolution
		SolutionGuid = {AF490D44-0704-4DBB-AE28-C3652BC1BF52}
	EndGlobalSection
EndGlobal
